
Microsoft Visual Studio Solution File, Format Version 12.00
# Visual Studio Version 16
VisualStudioVersion = 16.0.29519.87
MinimumVisualStudioVersion = 10.0.40219.1
Project("{8BC9CEB8-8B4A-11D0-8D11-00A0C91BC942}") = "data_DLL", "data_DLL.vcxproj", "{3D1079E4-A21F-4A7A-95B7-2C26EF3010EB}"
EndProject
Global
	GlobalSection(SolutionConfigurationPlatforms) = preSolution
		Debug|x64 = Debug|x64
		Debug|x86 = Debug|x86
		Release|x64 = Release|x64
		Release|x86 = Release|x86
	EndGlobalSection
	GlobalSection(ProjectConfigurationPlatforms) = postSolution
		{3D1079E4-A21F-4A7A-95B7-2C26EF3010EB}.Debug|x64.ActiveCfg = Debug|x64
		{3D1079E4-A21F-4A7A-95B7-2C26EF3010EB}.Debug|x64.Build.0 = Debug|x64
		{3D1079E4-A21F-4A7A-95B7-2C26EF3010EB}.Debug|x86.ActiveCfg = Debug|Win32
		{3D1079E4-A21F-4A7A-95B7-2C26EF3010EB}.Debug|x86.Build.0 = Debug|Win32
		{3D1079E4-A21F-4A7A-95B7-2C26EF3010EB}.Release|x64.ActiveCfg = Release|x64
		{3D1079E4-A21F-4A7A-95B7-2C26EF3010EB}.Release|x64.Build.0 = Release|x64
		{3D1079E4-A21F-4A7A-95B7-2C26EF3010EB}.Release|x86.ActiveCfg = Release|Win32
		{3D1079E4-A21F-4A7A-95B7-2C26EF3010EB}.Release|x86.Build.0 = Release|Win32
	EndGlobalSection
	GlobalSection(SolutionProperties) = preSolution
		HideSolutionNode = FALSE
	EndGlobalSection
	GlobalSection(ExtensibilityGlobals) = postSolution
		SolutionGuid = {463339E5-B572-4E9F-B537-DBF40B5BE678}
	EndGlobalSection
EndGlobal
